<?xml version="1.0" encoding="utf-8"?>
<Project ToolsVersion="4.0" xmlns="http://schemas.microsoft.com/developer/msbuild/2003">
  <ItemGroup>
    <ClCompile Include="main.c" />
    <ClCompile Include="playerlogic.c">
      <Filter>Components</Filter>
    </ClCompile>
    <ClCompile Include="cursorlogic.c">
      <Filter>Components</Filter>
    </ClCompile>
    <ClCompile Include="cursor.c">
      <Filter>Archetypes</Filter>
    </ClCompile>
    <ClCompile Include="gamemanager.c">
      <Filter>Archetypes</Filter>
    </ClCompile>
    <ClCompile Include="schoollogic.c">
      <Filter>Components</Filter>
    </ClCompile>
    <ClCompile Include="timemanager.c">
      <Filter>Components</Filter>
    </ClCompile>
    <ClCompile Include="studentdata.c">
      <Filter>Components</Filter>
    </ClCompile>
    <ClCompile Include="student.c">
      <Filter>Archetypes</Filter>
    </ClCompile>
    <ClCompile Include="room.c">
      <Filter>Archetypes</Filter>
    </ClCompile>
    <ClCompile Include="roomlogic.c">
      <Filter>Components</Filter>
    </ClCompile>
    <ClCompile Include="player.c">
      <Filter>Archetypes</Filter>
    </ClCompile>
    <ClCompile Include="background.c">
      <Filter>Archetypes</Filter>
    </ClCompile>
    <ClCompile Include="mousebox.c">
      <Filter>Components</Filter>
    </ClCompile>
    <ClCompile Include="UI_base.c">
      <Filter>Archetypes</Filter>
    </ClCompile>
    <ClCompile Include="UI_student.c">
      <Filter>Archetypes</Filter>
    </ClCompile>
    <ClCompile Include="UI_manage.c">
      <Filter>Archetypes</Filter>
    </ClCompile>
    <ClCompile Include="UI_build.c">
      <Filter>Archetypes</Filter>
    </ClCompile>
  </ItemGroup>
  <ItemGroup>
    <Filter Include="Components">
      <UniqueIdentifier>{37179502-06a0-4071-96d1-63839d82c670}</UniqueIdentifier>
    </Filter>
    <Filter Include="Archetypes">
      <UniqueIdentifier>{034f99f8-5ff8-49f3-9566-a8a4950bc7d7}</UniqueIdentifier>
    </Filter>
    <Filter Include="Data Files">
      <UniqueIdentifier>{026bb7bd-bc62-45ad-a064-8e0c658fb14b}</UniqueIdentifier>
    </Filter>
  </ItemGroup>
  <ItemGroup>
    <ClInclude Include="playerlogic.h">
      <Filter>Components</Filter>
    </ClInclude>
    <ClInclude Include="cursorlogic.h">
      <Filter>Components</Filter>
    </ClInclude>
    <ClInclude Include="cursor.h">
      <Filter>Archetypes</Filter>
    </ClInclude>
    <ClInclude Include="gamemanager.h">
      <Filter>Archetypes</Filter>
    </ClInclude>
    <ClInclude Include="schoollogic.h">
      <Filter>Components</Filter>
    </ClInclude>
    <ClInclude Include="timemanager.h">
      <Filter>Components</Filter>
    </ClInclude>
    <ClInclude Include="studentdata.h">
      <Filter>Components</Filter>
    </ClInclude>
    <ClInclude Include="student.h">
      <Filter>Archetypes</Filter>
    </ClInclude>
    <ClInclude Include="random.h" />
    <ClInclude Include="room.h">
      <Filter>Archetypes</Filter>
    </ClInclude>
    <ClInclude Include="roomlogic.h">
      <Filter>Components</Filter>
    </ClInclude>
    <ClInclude Include="player.h">
      <Filter>Archetypes</Filter>
    </ClInclude>
    <ClInclude Include="background.h">
      <Filter>Archetypes</Filter>
    </ClInclude>
    <ClInclude Include="mousebox.h">
      <Filter>Components</Filter>
    </ClInclude>
    <ClInclude Include="UI_base.h">
      <Filter>Archetypes</Filter>
    </ClInclude>
    <ClInclude Include="UI_student.h">
      <Filter>Archetypes</Filter>
    </ClInclude>
    <ClInclude Include="UI_manage.h">
      <Filter>Archetypes</Filter>
    </ClInclude>
    <ClInclude Include="UI_build.h">
      <Filter>Archetypes</Filter>
    </ClInclude>
  </ItemGroup>
  <ItemGroup>
    <Text Include="data\txt\names\first_female.txt">
      <Filter>Data Files</Filter>
    </Text>
    <Text Include="data\txt\names\first_male.txt">
      <Filter>Data Files</Filter>
    </Text>
    <Text Include="data\txt\names\last.txt">
      <Filter>Data Files</Filter>
    </Text>
  </ItemGroup>
</Project>