<?xml version="1.0" encoding="utf-8"?>
<Project ToolsVersion="4.0" xmlns="http://schemas.microsoft.com/developer/msbuild/2003">
  <ItemGroup>
    <ClCompile Include="main.c" />
    <ClCompile Include="playerlogic.c">
      <Filter>Components</Filter>
    </ClCompile>
    <ClCompile Include="cursorlogic.c">
      <Filter>Components</Filter>
    </ClCompile>
    <ClCompile Include="cursor.c">
      <Filter>Archetypes</Filter>
    </ClCompile>
    <ClCompile Include="gamemanager.c">
      <Filter>Archetypes</Filter>
    </ClCompile>
    <ClCompile Include="schoollogic.c">
      <Filter>Components</Filter>
    </ClCompile>
    <ClCompile Include="timemanager.c">
      <Filter>Components</Filter>
    </ClCompile>
    <ClCompile Include="studentdata.c">
      <Filter>Components</Filter>
    </ClCompile>
    <ClCompile Include="student.c">
      <Filter>Archetypes</Filter>
    </ClCompile>
    <ClCompile Include="room.c">
      <Filter>Archetypes</Filter>
    </ClCompile>
    <ClCompile Include="roomlogic.c">
      <Filter>Components</Filter>
    </ClCompile>
    <ClCompile Include="player.c">
      <Filter>Archetypes</Filter>
    </ClCompile>
    <ClCompile Include="background.c">
      <Filter>Archetypes</Filter>
    </ClCompile>
    <ClCompile Include="mousebox.c">
      <Filter>Components</Filter>
    </ClCompile>
    <ClCompile Include="roomactorlogic.c">
      <Filter>Components</Filter>
    </ClCompile>
    <ClCompile Include="roomactor.c">
      <Filter>Archetypes</Filter>
    </ClCompile>
    <ClCompile Include="UI_button.c">
      <Filter>Components\UI_elements</Filter>
    </ClCompile>
    <ClCompile Include="management.c">
      <Filter>Components\UI_elements</Filter>
    </ClCompile>
    <ClCompile Include="ghostroom.c">
      <Filter>Archetypes</Filter>
    </ClCompile>
    <ClCompile Include="ghostroomlogic.c">
      <Filter>Components</Filter>
    </ClCompile>
    <ClCompile Include="splashlogic.c">
      <Filter>Components</Filter>
    </ClCompile>
    <ClCompile Include="splash.c">
      <Filter>Archetypes</Filter>
    </ClCompile>
    <ClCompile Include="blackbar.c">
      <Filter>Archetypes</Filter>
    </ClCompile>
    <ClCompile Include="blackbarlogic.c">
      <Filter>Components</Filter>
    </ClCompile>
    <ClCompile Include="studentactor.c">
      <Filter>Archetypes</Filter>
    </ClCompile>
    <ClCompile Include="studentactorlogic.c">
      <Filter>Components</Filter>
    </ClCompile>
    <ClCompile Include="studentmanager.c">
      <Filter>Archetypes</Filter>
    </ClCompile>
    <ClCompile Include="studentmanagerlogic.c">
      <Filter>Components</Filter>
    </ClCompile>
    <ClCompile Include="managescreenlogic.c">
      <Filter>Components\UI_elements</Filter>
    </ClCompile>
    <ClCompile Include="backgroundlogic.c">
      <Filter>Components</Filter>
    </ClCompile>
    <ClCompile Include="managescreen.c">
      <Filter>Archetypes\ui_elements</Filter>
    </ClCompile>
    <ClCompile Include="UI_build.c">
      <Filter>Archetypes\ui_elements</Filter>
    </ClCompile>
    <ClCompile Include="UI_manage.c">
      <Filter>Archetypes\ui_elements</Filter>
    </ClCompile>
    <ClCompile Include="poptext.c">
      <Filter>Archetypes</Filter>
    </ClCompile>
    <ClCompile Include="poptextlogic.c">
      <Filter>Components</Filter>
    </ClCompile>
    <ClCompile Include="inspectionscreen.c">
      <Filter>Archetypes\ui_elements</Filter>
    </ClCompile>
    <ClCompile Include="inspectionscreenlogic.c">
      <Filter>Components\UI_elements</Filter>
    </ClCompile>
    <ClCompile Include="menuscreen.c">
      <Filter>Archetypes\ui_elements</Filter>
    </ClCompile>
    <ClCompile Include="menuscreenlogic.c">
      <Filter>Components\UI_elements</Filter>
    </ClCompile>
    <ClCompile Include="colors.c" />
    <ClCompile Include="newsfeed.c">
      <Filter>Archetypes\ui_elements</Filter>
    </ClCompile>
    <ClCompile Include="custombutton.c">
      <Filter>Archetypes\ui_elements</Filter>
    </ClCompile>
    <ClCompile Include="buttonfunctions.c">
      <Filter>Components\UI_elements</Filter>
    </ClCompile>
    <ClCompile Include="custombuttonlogic.c">
      <Filter>Components\UI_elements</Filter>
    </ClCompile>
    <ClCompile Include="namescreen.c">
      <Filter>Archetypes\ui_elements</Filter>
    </ClCompile>
    <ClCompile Include="namescreenlogic.c">
      <Filter>Components\UI_elements</Filter>
    </ClCompile>
    <ClCompile Include="tutorial.c" />
    <ClCompile Include="tutorialtextbox.c">
      <Filter>Archetypes</Filter>
    </ClCompile>
    <ClCompile Include="tutorialtextboxlogic.c">
      <Filter>Components</Filter>
    </ClCompile>
    <ClCompile Include="cloud.c">
      <Filter>Archetypes</Filter>
    </ClCompile>
    <ClCompile Include="cloudlogic.c">
      <Filter>Components</Filter>
    </ClCompile>
    <ClCompile Include="weathermanager.c">
      <Filter>Components</Filter>
    </ClCompile>
    <ClCompile Include="gameinitialize.c" />
    <ClCompile Include="moneyinfo.c">
      <Filter>Archetypes\ui_elements</Filter>
    </ClCompile>
    <ClCompile Include="moneyinfologic.c">
      <Filter>Components\UI_elements</Filter>
    </ClCompile>
    <ClCompile Include="newsfeedlogic.c">
      <Filter>Components\UI_elements</Filter>
    </ClCompile>
    <ClCompile Include="creditsscreenlogic.c">
      <Filter>Components\UI_elements</Filter>
    </ClCompile>
    <ClCompile Include="creditsscreen.c">
      <Filter>Archetypes\ui_elements</Filter>
    </ClCompile>
    <ClCompile Include="pausescreenlogic.c">
      <Filter>Components\UI_elements</Filter>
    </ClCompile>
    <ClCompile Include="pausescreen.c">
      <Filter>Archetypes\ui_elements</Filter>
    </ClCompile>
    <ClCompile Include="homework.c">
      <Filter>Archetypes</Filter>
    </ClCompile>
    <ClCompile Include="homeworklogic.c">
      <Filter>Components</Filter>
    </ClCompile>
    <ClCompile Include="brad.c">
      <Filter>Archetypes\ui_elements</Filter>
    </ClCompile>
  </ItemGroup>
  <ItemGroup>
    <Filter Include="Components">
      <UniqueIdentifier>{37179502-06a0-4071-96d1-63839d82c670}</UniqueIdentifier>
    </Filter>
    <Filter Include="Archetypes">
      <UniqueIdentifier>{034f99f8-5ff8-49f3-9566-a8a4950bc7d7}</UniqueIdentifier>
    </Filter>
    <Filter Include="Data Files">
      <UniqueIdentifier>{026bb7bd-bc62-45ad-a064-8e0c658fb14b}</UniqueIdentifier>
    </Filter>
    <Filter Include="Components\UI_elements">
      <UniqueIdentifier>{094115b5-25f8-4f71-afa9-ecfbb9c95ae2}</UniqueIdentifier>
    </Filter>
    <Filter Include="Archetypes\ui_elements">
      <UniqueIdentifier>{43d8d46d-e1a1-4dcf-b515-62cf07419911}</UniqueIdentifier>
    </Filter>
  </ItemGroup>
  <ItemGroup>
    <ClInclude Include="playerlogic.h">
      <Filter>Components</Filter>
    </ClInclude>
    <ClInclude Include="cursorlogic.h">
      <Filter>Components</Filter>
    </ClInclude>
    <ClInclude Include="cursor.h">
      <Filter>Archetypes</Filter>
    </ClInclude>
    <ClInclude Include="gamemanager.h">
      <Filter>Archetypes</Filter>
    </ClInclude>
    <ClInclude Include="schoollogic.h">
      <Filter>Components</Filter>
    </ClInclude>
    <ClInclude Include="timemanager.h">
      <Filter>Components</Filter>
    </ClInclude>
    <ClInclude Include="studentdata.h">
      <Filter>Components</Filter>
    </ClInclude>
    <ClInclude Include="student.h">
      <Filter>Archetypes</Filter>
    </ClInclude>
    <ClInclude Include="room.h">
      <Filter>Archetypes</Filter>
    </ClInclude>
    <ClInclude Include="roomlogic.h">
      <Filter>Components</Filter>
    </ClInclude>
    <ClInclude Include="player.h">
      <Filter>Archetypes</Filter>
    </ClInclude>
    <ClInclude Include="background.h">
      <Filter>Archetypes</Filter>
    </ClInclude>
    <ClInclude Include="mousebox.h">
      <Filter>Components</Filter>
    </ClInclude>
    <ClInclude Include="roomactorlogic.h">
      <Filter>Components</Filter>
    </ClInclude>
    <ClInclude Include="roomactor.h">
      <Filter>Archetypes</Filter>
    </ClInclude>
    <ClInclude Include="UI_button.h">
      <Filter>Components\UI_elements</Filter>
    </ClInclude>
    <ClInclude Include="management.h">
      <Filter>Components\UI_elements</Filter>
    </ClInclude>
    <ClInclude Include="ghostroom.h">
      <Filter>Archetypes</Filter>
    </ClInclude>
    <ClInclude Include="ghostroomlogic.h">
      <Filter>Components</Filter>
    </ClInclude>
    <ClInclude Include="splashlogic.h">
      <Filter>Components</Filter>
    </ClInclude>
    <ClInclude Include="splash.h">
      <Filter>Archetypes</Filter>
    </ClInclude>
    <ClInclude Include="blackbar.h">
      <Filter>Archetypes</Filter>
    </ClInclude>
    <ClInclude Include="blackbarlogic.h">
      <Filter>Components</Filter>
    </ClInclude>
    <ClInclude Include="studentactor.h">
      <Filter>Archetypes</Filter>
    </ClInclude>
    <ClInclude Include="studentactorlogic.h">
      <Filter>Components</Filter>
    </ClInclude>
    <ClInclude Include="studentmanager.h">
      <Filter>Archetypes</Filter>
    </ClInclude>
    <ClInclude Include="studentmanagerlogic.h">
      <Filter>Components</Filter>
    </ClInclude>
    <ClInclude Include="managescreenlogic.h">
      <Filter>Components\UI_elements</Filter>
    </ClInclude>
    <ClInclude Include="backgroundlogic.h">
      <Filter>Components</Filter>
    </ClInclude>
    <ClInclude Include="managescreen.h">
      <Filter>Archetypes\ui_elements</Filter>
    </ClInclude>
    <ClInclude Include="UI_build.h">
      <Filter>Archetypes\ui_elements</Filter>
    </ClInclude>
    <ClInclude Include="UI_manage.h">
      <Filter>Archetypes\ui_elements</Filter>
    </ClInclude>
    <ClInclude Include="poptext.h">
      <Filter>Archetypes</Filter>
    </ClInclude>
    <ClInclude Include="poptextlogic.h">
      <Filter>Components</Filter>
    </ClInclude>
    <ClInclude Include="inspectionscreen.h">
      <Filter>Archetypes\ui_elements</Filter>
    </ClInclude>
    <ClInclude Include="inspectionscreenlogic.h">
      <Filter>Components\UI_elements</Filter>
    </ClInclude>
    <ClInclude Include="menuscreen.h">
      <Filter>Archetypes\ui_elements</Filter>
    </ClInclude>
    <ClInclude Include="menuscreenlogic.h">
      <Filter>Components\UI_elements</Filter>
    </ClInclude>
    <ClInclude Include="colors.h" />
    <ClInclude Include="newsfeed.h">
      <Filter>Archetypes\ui_elements</Filter>
    </ClInclude>
    <ClInclude Include="custombutton.h">
      <Filter>Archetypes\ui_elements</Filter>
    </ClInclude>
    <ClInclude Include="buttonfunctions.h">
      <Filter>Components\UI_elements</Filter>
    </ClInclude>
    <ClInclude Include="custombuttonlogic.h">
      <Filter>Components\UI_elements</Filter>
    </ClInclude>
    <ClInclude Include="namescreen.h">
      <Filter>Archetypes\ui_elements</Filter>
    </ClInclude>
    <ClInclude Include="namescreenlogic.h">
      <Filter>Components\UI_elements</Filter>
    </ClInclude>
    <ClInclude Include="tutorial.h" />
    <ClInclude Include="tutorialtextbox.h">
      <Filter>Archetypes</Filter>
    </ClInclude>
    <ClInclude Include="tutorialtextboxlogic.h">
      <Filter>Components</Filter>
    </ClInclude>
    <ClInclude Include="cloud.h">
      <Filter>Archetypes</Filter>
    </ClInclude>
    <ClInclude Include="cloudlogic.h">
      <Filter>Components</Filter>
    </ClInclude>
    <ClInclude Include="weathermanager.h">
      <Filter>Components</Filter>
    </ClInclude>
    <ClInclude Include="gameinitialize.h" />
    <ClInclude Include="moneyinfo.h">
      <Filter>Archetypes\ui_elements</Filter>
    </ClInclude>
    <ClInclude Include="moneyinfologic.h">
      <Filter>Components\UI_elements</Filter>
    </ClInclude>
    <ClInclude Include="newsfeedlogic.h">
      <Filter>Components\UI_elements</Filter>
    </ClInclude>
    <ClInclude Include="creditsscreenlogic.h">
      <Filter>Components\UI_elements</Filter>
    </ClInclude>
    <ClInclude Include="creditsscreen.h">
      <Filter>Archetypes\ui_elements</Filter>
    </ClInclude>
    <ClInclude Include="pausescreenlogic.h">
      <Filter>Components\UI_elements</Filter>
    </ClInclude>
    <ClInclude Include="pausescreen.h">
      <Filter>Archetypes\ui_elements</Filter>
    </ClInclude>
    <ClInclude Include="homework.h">
      <Filter>Archetypes</Filter>
    </ClInclude>
    <ClInclude Include="homeworklogic.h">
      <Filter>Components</Filter>
    </ClInclude>
    <ClInclude Include="brad.h">
      <Filter>Archetypes\ui_elements</Filter>
    </ClInclude>
  </ItemGroup>
  <ItemGroup>
    <Text Include="data\txt\names\first_female.txt">
      <Filter>Data Files</Filter>
    </Text>
    <Text Include="data\txt\names\first_male.txt">
      <Filter>Data Files</Filter>
    </Text>
    <Text Include="data\txt\names\last.txt">
      <Filter>Data Files</Filter>
    </Text>
  </ItemGroup>
</Project>